
Microsoft Visual Studio Solution File, Format Version 12.00
# Visual Studio Version 17
VisualStudioVersion = 17.0.31903.59
MinimumVisualStudioVersion = 10.0.40219.1
Project("{2150E333-8FDC-42A3-9474-1A3956D46DE8}") = "src", "src", "{827E0CD3-B72D-47B6-A68D-7590B98EB39B}"
EndProject
Project("{FAE04EC0-301F-11D3-BF4B-00C04F79EFBC}") = "LegacyService", "src\LegacyService\LegacyService.csproj", "{57384477-F414-45CC-8B0D-9FC348EEA8AF}"
EndProject
Project("{2150E333-8FDC-42A3-9474-1A3956D46DE8}") = "tests", "tests", "{0AB3BF05-4346-4AA6-1389-037BE0695223}"
EndProject
Project("{FAE04EC0-301F-11D3-BF4B-00C04F79EFBC}") = "LegacyService.Tests", "tests\LegacyService.Tests\LegacyService.Tests.csproj", "{771DB3C8-9ECB-4ACB-8C42-A6610E2400D3}"
EndProject
Project("{2150E333-8FDC-42A3-9474-1A3956D46DE8}") = "scripts", "scripts", "{C4AD9936-F0DF-1090-6077-3D4A6324E662}"
EndProject
Project("{FAE04EC0-301F-11D3-BF4B-00C04F79EFBC}") = "SeedData", "scripts\SeedData\SeedData.csproj", "{E734966E-C4D2-421B-BB6E-6AA10DD17C7D}"
EndProject
Project("{FAE04EC0-301F-11D3-BF4B-00C04F79EFBC}") = "GenLogs", "scripts\GenLogs\GenLogs.csproj", "{C75ED531-F6A6-4ACF-90E7-E702C2D54C18}"
EndProject
Global
	GlobalSection(SolutionConfigurationPlatforms) = preSolution
		Debug|Any CPU = Debug|Any CPU
		Debug|x64 = Debug|x64
		Debug|x86 = Debug|x86
		Release|Any CPU = Release|Any CPU
		Release|x64 = Release|x64
		Release|x86 = Release|x86
	EndGlobalSection
	GlobalSection(ProjectConfigurationPlatforms) = postSolution
		{57384477-F414-45CC-8B0D-9FC348EEA8AF}.Debug|Any CPU.ActiveCfg = Debug|Any CPU
		{57384477-F414-45CC-8B0D-9FC348EEA8AF}.Debug|Any CPU.Build.0 = Debug|Any CPU
		{57384477-F414-45CC-8B0D-9FC348EEA8AF}.Debug|x64.ActiveCfg = Debug|Any CPU
		{57384477-F414-45CC-8B0D-9FC348EEA8AF}.Debug|x64.Build.0 = Debug|Any CPU
		{57384477-F414-45CC-8B0D-9FC348EEA8AF}.Debug|x86.ActiveCfg = Debug|Any CPU
		{57384477-F414-45CC-8B0D-9FC348EEA8AF}.Debug|x86.Build.0 = Debug|Any CPU
		{57384477-F414-45CC-8B0D-9FC348EEA8AF}.Release|Any CPU.ActiveCfg = Release|Any CPU
		{57384477-F414-45CC-8B0D-9FC348EEA8AF}.Release|Any CPU.Build.0 = Release|Any CPU
		{57384477-F414-45CC-8B0D-9FC348EEA8AF}.Release|x64.ActiveCfg = Release|Any CPU
		{57384477-F414-45CC-8B0D-9FC348EEA8AF}.Release|x64.Build.0 = Release|Any CPU
		{57384477-F414-45CC-8B0D-9FC348EEA8AF}.Release|x86.ActiveCfg = Release|Any CPU
		{57384477-F414-45CC-8B0D-9FC348EEA8AF}.Release|x86.Build.0 = Release|Any CPU
		{771DB3C8-9ECB-4ACB-8C42-A6610E2400D3}.Debug|Any CPU.ActiveCfg = Debug|Any CPU
		{771DB3C8-9ECB-4ACB-8C42-A6610E2400D3}.Debug|Any CPU.Build.0 = Debug|Any CPU
		{771DB3C8-9ECB-4ACB-8C42-A6610E2400D3}.Debug|x64.ActiveCfg = Debug|Any CPU
		{771DB3C8-9ECB-4ACB-8C42-A6610E2400D3}.Debug|x64.Build.0 = Debug|Any CPU
		{771DB3C8-9ECB-4ACB-8C42-A6610E2400D3}.Debug|x86.ActiveCfg = Debug|Any CPU
		{771DB3C8-9ECB-4ACB-8C42-A6610E2400D3}.Debug|x86.Build.0 = Debug|Any CPU
		{771DB3C8-9ECB-4ACB-8C42-A6610E2400D3}.Release|Any CPU.ActiveCfg = Release|Any CPU
		{771DB3C8-9ECB-4ACB-8C42-A6610E2400D3}.Release|Any CPU.Build.0 = Release|Any CPU
		{771DB3C8-9ECB-4ACB-8C42-A6610E2400D3}.Release|x64.ActiveCfg = Release|Any CPU
		{771DB3C8-9ECB-4ACB-8C42-A6610E2400D3}.Release|x64.Build.0 = Release|Any CPU
		{771DB3C8-9ECB-4ACB-8C42-A6610E2400D3}.Release|x86.ActiveCfg = Release|Any CPU
		{771DB3C8-9ECB-4ACB-8C42-A6610E2400D3}.Release|x86.Build.0 = Release|Any CPU
		{E734966E-C4D2-421B-BB6E-6AA10DD17C7D}.Debug|Any CPU.ActiveCfg = Debug|Any CPU
		{E734966E-C4D2-421B-BB6E-6AA10DD17C7D}.Debug|Any CPU.Build.0 = Debug|Any CPU
		{E734966E-C4D2-421B-BB6E-6AA10DD17C7D}.Debug|x64.ActiveCfg = Debug|Any CPU
		{E734966E-C4D2-421B-BB6E-6AA10DD17C7D}.Debug|x64.Build.0 = Debug|Any CPU
		{E734966E-C4D2-421B-BB6E-6AA10DD17C7D}.Debug|x86.ActiveCfg = Debug|Any CPU
		{E734966E-C4D2-421B-BB6E-6AA10DD17C7D}.Debug|x86.Build.0 = Debug|Any CPU
		{E734966E-C4D2-421B-BB6E-6AA10DD17C7D}.Release|Any CPU.ActiveCfg = Release|Any CPU
		{E734966E-C4D2-421B-BB6E-6AA10DD17C7D}.Release|Any CPU.Build.0 = Release|Any CPU
		{E734966E-C4D2-421B-BB6E-6AA10DD17C7D}.Release|x64.ActiveCfg = Release|Any CPU
		{E734966E-C4D2-421B-BB6E-6AA10DD17C7D}.Release|x64.Build.0 = Release|Any CPU
		{E734966E-C4D2-421B-BB6E-6AA10DD17C7D}.Release|x86.ActiveCfg = Release|Any CPU
		{E734966E-C4D2-421B-BB6E-6AA10DD17C7D}.Release|x86.Build.0 = Release|Any CPU
		{C75ED531-F6A6-4ACF-90E7-E702C2D54C18}.Debug|Any CPU.ActiveCfg = Debug|Any CPU
		{C75ED531-F6A6-4ACF-90E7-E702C2D54C18}.Debug|Any CPU.Build.0 = Debug|Any CPU
		{C75ED531-F6A6-4ACF-90E7-E702C2D54C18}.Debug|x64.ActiveCfg = Debug|Any CPU
		{C75ED531-F6A6-4ACF-90E7-E702C2D54C18}.Debug|x64.Build.0 = Debug|Any CPU
		{C75ED531-F6A6-4ACF-90E7-E702C2D54C18}.Debug|x86.ActiveCfg = Debug|Any CPU
		{C75ED531-F6A6-4ACF-90E7-E702C2D54C18}.Debug|x86.Build.0 = Debug|Any CPU
		{C75ED531-F6A6-4ACF-90E7-E702C2D54C18}.Release|Any CPU.ActiveCfg = Release|Any CPU
		{C75ED531-F6A6-4ACF-90E7-E702C2D54C18}.Release|Any CPU.Build.0 = Release|Any CPU
		{C75ED531-F6A6-4ACF-90E7-E702C2D54C18}.Release|x64.ActiveCfg = Release|Any CPU
		{C75ED531-F6A6-4ACF-90E7-E702C2D54C18}.Release|x64.Build.0 = Release|Any CPU
		{C75ED531-F6A6-4ACF-90E7-E702C2D54C18}.Release|x86.ActiveCfg = Release|Any CPU
		{C75ED531-F6A6-4ACF-90E7-E702C2D54C18}.Release|x86.Build.0 = Release|Any CPU
	EndGlobalSection
	GlobalSection(SolutionProperties) = preSolution
		HideSolutionNode = FALSE
	EndGlobalSection
	GlobalSection(NestedProjects) = preSolution
		{57384477-F414-45CC-8B0D-9FC348EEA8AF} = {827E0CD3-B72D-47B6-A68D-7590B98EB39B}
		{771DB3C8-9ECB-4ACB-8C42-A6610E2400D3} = {0AB3BF05-4346-4AA6-1389-037BE0695223}
		{E734966E-C4D2-421B-BB6E-6AA10DD17C7D} = {C4AD9936-F0DF-1090-6077-3D4A6324E662}
		{C75ED531-F6A6-4ACF-90E7-E702C2D54C18} = {C4AD9936-F0DF-1090-6077-3D4A6324E662}
	EndGlobalSection
EndGlobal
